[[package]]
name = "asn1crypto"
version = "1.4.0"
description = "Fast ASN.1 parser and serializer with definitions for private keys, public keys, certificates, CRL, OCSP, CMS, PKCS#3, PKCS#7, PKCS#8, PKCS#12, PKCS#5, X.509 and TSP"
category = "main"
optional = false
python-versions = "*"

[[package]]
name = "base58"
version = "2.1.1"
description = "Base58 and Base58Check implementation."
category = "main"
optional = false
python-versions = ">=3.5"

[package.extras]
tests = ["mypy", "PyHamcrest (>=2.0.2)", "pytest (>=4.6)", "pytest-benchmark", "pytest-cov", "pytest-flake8"]

[[package]]
name = "bip32utils"
version = "0.3.post4"
description = "Utilities for generating and using Bitcoin Hierarchical Deterministic wallets (BIP0032)."
category = "main"
optional = false
python-versions = "*"

[package.dependencies]
ecdsa = "*"

[[package]]
name = "bit"
version = "0.8.0"
description = "Bitcoin made easy."
category = "main"
optional = false
python-versions = "*"

[package.dependencies]
coincurve = ">=4.3.0"
requests = "*"

[package.extras]
cache = ["lmdb"]
cli = ["appdirs", "click", "privy", "tinydb"]

[[package]]
name = "certifi"
version = "2021.10.8"
description = "Python package for providing Mozilla's CA Bundle."
category = "main"
optional = false
python-versions = "*"

[[package]]
name = "cffi"
version = "1.15.0"
description = "Foreign Function Interface for Python calling C code."
category = "main"
optional = false
python-versions = "*"

[package.dependencies]
pycparser = "*"

[[package]]
name = "charset-normalizer"
version = "2.0.12"
description = "The Real First Universal Charset Detector. Open, modern and actively maintained alternative to Chardet."
category = "main"
optional = false
python-versions = ">=3.5.0"

[package.extras]
unicode_backport = ["unicodedata2"]

[[package]]
name = "coincurve"
version = "17.0.0"
description = "Cross-platform Python CFFI bindings for libsecp256k1"
category = "main"
optional = false
python-versions = ">=3.7"

[package.dependencies]
asn1crypto = "*"
cffi = ">=1.3.0"

[[package]]
name = "ecdsa"
version = "0.17.0"
description = "ECDSA cryptographic signature library (pure python)"
category = "main"
optional = false
python-versions = ">=2.6, !=3.0.*, !=3.1.*, !=3.2.*"

[package.dependencies]
six = ">=1.9.0"

[package.extras]
gmpy = ["gmpy"]
gmpy2 = ["gmpy2"]

[[package]]
name = "hdwallet"
version = "2.1.1"
description = "Python-based library for the implementation of a hierarchical deterministic wallet generator for more than 140+ multiple cryptocurrencies."
category = "main"
optional = false
python-versions = ">=3.6,<4"

[package.dependencies]
base58 = ">=2.0.1,<3"
ecdsa = ">=0.13,<1"
mnemonic = ">=0.19,<1"
pysha3 = ">=1.0.2,<2"

[package.extras]
cli = ["click (>=8.0.3,<9)", "click-aliases (>=1.0.1,<2)", "tabulate (>=0.8.9,<1)"]
docs = ["sphinx (>=4.4.0,<5)", "furo (==2022.2.14.1)", "sphinx-click (>=3.1.0,<4)"]
tests = ["pytest (>=6.2.5,<7)", "pytest-cov (>=3.0.0,<4)"]

[[package]]
name = "idna"
version = "3.3"
description = "Internationalized Domain Names in Applications (IDNA)"
category = "main"
optional = false
python-versions = ">=3.5"

[[package]]
name = "mnemonic"
version = "0.20"
description = "Implementation of Bitcoin BIP-0039"
category = "main"
optional = false
python-versions = ">=3.5"

[[package]]
name = "pycparser"
version = "2.21"
description = "C parser in Python"
category = "main"
optional = false
python-versions = ">=2.7, !=3.0.*, !=3.1.*, !=3.2.*, !=3.3.*"

[[package]]
name = "pysha3"
version = "1.0.2"
description = "SHA-3 (Keccak) for Python 2.7 - 3.5"
category = "main"
optional = false
python-versions = "*"

[[package]]
name = "requests"
version = "2.27.1"
description = "Python HTTP for Humans."
category = "main"
optional = false
python-versions = ">=2.7, !=3.0.*, !=3.1.*, !=3.2.*, !=3.3.*, !=3.4.*, !=3.5.*"

[package.dependencies]
certifi = ">=2017.4.17"
charset-normalizer = {version = ">=2.0.0,<2.1.0", markers = "python_version >= \"3\""}
idna = {version = ">=2.5,<4", markers = "python_version >= \"3\""}
urllib3 = ">=1.21.1,<1.27"

[package.extras]
socks = ["PySocks (>=1.5.6,!=1.5.7)", "win-inet-pton"]
use_chardet_on_py3 = ["chardet (>=3.0.2,<5)"]

[[package]]
name = "six"
version = "1.16.0"
description = "Python 2 and 3 compatibility utilities"
category = "main"
optional = false
python-versions = ">=2.7, !=3.0.*, !=3.1.*, !=3.2.*"

[[package]]
name = "urllib3"
version = "1.26.8"
description = "HTTP library with thread-safe connection pooling, file post, and more."
category = "main"
optional = false
python-versions = ">=2.7, !=3.0.*, !=3.1.*, !=3.2.*, !=3.3.*, !=3.4.*, <4"

[package.extras]
brotli = ["brotlipy (>=0.6.0)"]
secure = ["pyOpenSSL (>=0.14)", "cryptography (>=1.3.4)", "idna (>=2.0.0)", "certifi", "ipaddress"]
socks = ["PySocks (>=1.5.6,!=1.5.7,<2.0)"]

[metadata]
lock-version = "1.1"
python-versions = "^3.8"
content-hash = "01737fa8a82991ee526159e7fecd911fe8aa136c3fbc1dfc70a8db2c206a19f6"

[metadata.files]
asn1crypto = [
    {file = "asn1crypto-1.4.0-py2.py3-none-any.whl", hash = "sha256:4bcdf33c861c7d40bdcd74d8e4dd7661aac320fcdf40b9a3f95b4ee12fde2fa8"},
    {file = "asn1crypto-1.4.0.tar.gz", hash = "sha256:f4f6e119474e58e04a2b1af817eb585b4fd72bdd89b998624712b5c99be7641c"},
]
base58 = [
    {file = "base58-2.1.1-py3-none-any.whl", hash = "sha256:11a36f4d3ce51dfc1043f3218591ac4eb1ceb172919cebe05b52a5bcc8d245c2"},
    {file = "base58-2.1.1.tar.gz", hash = "sha256:c5d0cb3f5b6e81e8e35da5754388ddcc6d0d14b6c6a132cb93d69ed580a7278c"},
]
bip32utils = [
    {file = "bip32utils-0.3.post4-py3-none-any.whl", hash = "sha256:86125e16732101f17dbf4307ca0311a06ded0aca94220ac961e5bce0a444e972"},
    {file = "bip32utils-0.3.post4.tar.gz", hash = "sha256:5970f40fbb727a89d3cc06b6387b348252f7c8af6b3470df704276de728c48c2"},
]
bit = [
    {file = "bit-0.8.0-py3-none-any.whl", hash = "sha256:059b4f8905359576ecb09c7bc9e5e266532b820179c625e39a501a21867f2c83"},
    {file = "bit-0.8.0.tar.gz", hash = "sha256:6590d7cebcc684b276b86aeb8b28986d78f81355a2edfa4eba96368e76bd6501"},
]
certifi = [
    {file = "certifi-2021.10.8-py2.py3-none-any.whl", hash = "sha256:d62a0163eb4c2344ac042ab2bdf75399a71a2d8c7d47eac2e2ee91b9d6339569"},
    {file = "certifi-2021.10.8.tar.gz", hash = "sha256:78884e7c1d4b00ce3cea67b44566851c4343c120abd683433ce934a68ea58872"},
]
cffi = [
    {file = "cffi-1.15.0-cp27-cp27m-macosx_10_9_x86_64.whl", hash = "sha256:c2502a1a03b6312837279c8c1bd3ebedf6c12c4228ddbad40912d671ccc8a962"},
    {file = "cffi-1.15.0-cp27-cp27m-manylinux1_i686.whl", hash = "sha256:23cfe892bd5dd8941608f93348c0737e369e51c100d03718f108bf1add7bd6d0"},
    {file = "cffi-1.15.0-cp27-cp27m-manylinux1_x86_64.whl", hash = "sha256:41d45de54cd277a7878919867c0f08b0cf817605e4eb94093e7516505d3c8d14"},
    {file = "cffi-1.15.0-cp27-cp27m-win32.whl", hash = "sha256:4a306fa632e8f0928956a41fa8e1d6243c71e7eb59ffbd165fc0b41e316b2474"},
    {file = "cffi-1.15.0-cp27-cp27m-win_amd64.whl", hash = "sha256:e7022a66d9b55e93e1a845d8c9eba2a1bebd4966cd8bfc25d9cd07d515b33fa6"},
    {file = "cffi-1.15.0-cp27-cp27mu-manylinux1_i686.whl", hash = "sha256:14cd121ea63ecdae71efa69c15c5543a4b5fbcd0bbe2aad864baca0063cecf27"},
    {file = "cffi-1.15.0-cp27-cp27mu-manylinux1_x86_64.whl", hash = "sha256:d4d692a89c5cf08a8557fdeb329b82e7bf609aadfaed6c0d79f5a449a3c7c023"},
    {file = "cffi-1.15.0-cp310-cp310-macosx_10_9_x86_64.whl", hash = "sha256:0104fb5ae2391d46a4cb082abdd5c69ea4eab79d8d44eaaf79f1b1fd806ee4c2"},
    {file = "cffi-1.15.0-cp310-cp310-macosx_11_0_arm64.whl", hash = "sha256:91ec59c33514b7c7559a6acda53bbfe1b283949c34fe7440bcf917f96ac0723e"},
    {file = "cffi-1.15.0-cp310-cp310-manylinux_2_12_i686.manylinux2010_i686.whl", hash = "sha256:f5c7150ad32ba43a07c4479f40241756145a1f03b43480e058cfd862bf5041c7"},
    {file = "cffi-1.15.0-cp310-cp310-manylinux_2_12_x86_64.manylinux2010_x86_64.whl", hash = "sha256:00c878c90cb53ccfaae6b8bc18ad05d2036553e6d9d1d9dbcf323bbe83854ca3"},
    {file = "cffi-1.15.0-cp310-cp310-manylinux_2_17_aarch64.manylinux2014_aarch64.whl", hash = "sha256:abb9a20a72ac4e0fdb50dae135ba5e77880518e742077ced47eb1499e29a443c"},
    {file = "cffi-1.15.0-cp310-cp310-manylinux_2_17_ppc64le.manylinux2014_ppc64le.whl", hash = "sha256:a5263e363c27b653a90078143adb3d076c1a748ec9ecc78ea2fb916f9b861962"},
    {file = "cffi-1.15.0-cp310-cp310-manylinux_2_17_s390x.manylinux2014_s390x.whl", hash = "sha256:f54a64f8b0c8ff0b64d18aa76675262e1700f3995182267998c31ae974fbc382"},
    {file = "cffi-1.15.0-cp310-cp310-win32.whl", hash = "sha256:c21c9e3896c23007803a875460fb786118f0cdd4434359577ea25eb556e34c55"},
    {file = "cffi-1.15.0-cp310-cp310-win_amd64.whl", hash = "sha256:5e069f72d497312b24fcc02073d70cb989045d1c91cbd53979366077959933e0"},
    {file = "cffi-1.15.0-cp36-cp36m-macosx_10_9_x86_64.whl", hash = "sha256:64d4ec9f448dfe041705426000cc13e34e6e5bb13736e9fd62e34a0b0c41566e"},
    {file = "cffi-1.15.0-cp36-cp36m-manylinux_2_17_aarch64.manylinux2014_aarch64.whl", hash = "sha256:2756c88cbb94231c7a147402476be2c4df2f6078099a6f4a480d239a8817ae39"},
    {file = "cffi-1.15.0-cp36-cp36m-manylinux_2_17_ppc64le.manylinux2014_ppc64le.whl", hash = "sha256:3b96a311ac60a3f6be21d2572e46ce67f09abcf4d09344c49274eb9e0bf345fc"},
    {file = "cffi-1.15.0-cp36-cp36m-manylinux_2_17_s390x.manylinux2014_s390x.whl", hash = "sha256:75e4024375654472cc27e91cbe9eaa08567f7fbdf822638be2814ce059f58032"},
    {file = "cffi-1.15.0-cp36-cp36m-manylinux_2_5_i686.manylinux1_i686.whl", hash = "sha256:59888172256cac5629e60e72e86598027aca6bf01fa2465bdb676d37636573e8"},
    {file = "cffi-1.15.0-cp36-cp36m-manylinux_2_5_x86_64.manylinux1_x86_64.whl", hash = "sha256:27c219baf94952ae9d50ec19651a687b826792055353d07648a5695413e0c605"},
    {file = "cffi-1.15.0-cp36-cp36m-win32.whl", hash = "sha256:4958391dbd6249d7ad855b9ca88fae690783a6be9e86df65865058ed81fc860e"},
    {file = "cffi-1.15.0-cp36-cp36m-win_amd64.whl", hash = "sha256:f6f824dc3bce0edab5f427efcfb1d63ee75b6fcb7282900ccaf925be84efb0fc"},
    {file = "cffi-1.15.0-cp37-cp37m-macosx_10_9_x86_64.whl", hash = "sha256:06c48159c1abed75c2e721b1715c379fa3200c7784271b3c46df01383b593636"},
    {file = "cffi-1.15.0-cp37-cp37m-manylinux_2_12_i686.manylinux2010_i686.whl", hash = "sha256:c2051981a968d7de9dd2d7b87bcb9c939c74a34626a6e2f8181455dd49ed69e4"},
    {file = "cffi-1.15.0-cp37-cp37m-manylinux_2_12_x86_64.manylinux2010_x86_64.whl", hash = "sha256:fd8a250edc26254fe5b33be00402e6d287f562b6a5b2152dec302fa15bb3e997"},
    {file = "cffi-1.15.0-cp37-cp37m-manylinux_2_17_aarch64.manylinux2014_aarch64.whl", hash = "sha256:91d77d2a782be4274da750752bb1650a97bfd8f291022b379bb8e01c66b4e96b"},
    {file = "cffi-1.15.0-cp37-cp37m-manylinux_2_17_ppc64le.manylinux2014_ppc64le.whl", hash = "sha256:45db3a33139e9c8f7c09234b5784a5e33d31fd6907800b316decad50af323ff2"},
    {file = "cffi-1.15.0-cp37-cp37m-manylinux_2_17_s390x.manylinux2014_s390x.whl", hash = "sha256:263cc3d821c4ab2213cbe8cd8b355a7f72a8324577dc865ef98487c1aeee2bc7"},
    {file = "cffi-1.15.0-cp37-cp37m-win32.whl", hash = "sha256:17771976e82e9f94976180f76468546834d22a7cc404b17c22df2a2c81db0c66"},
    {file = "cffi-1.15.0-cp37-cp37m-win_amd64.whl", hash = "sha256:3415c89f9204ee60cd09b235810be700e993e343a408693e80ce7f6a40108029"},
    {file = "cffi-1.15.0-cp38-cp38-macosx_10_9_x86_64.whl", hash = "sha256:4238e6dab5d6a8ba812de994bbb0a79bddbdf80994e4ce802b6f6f3142fcc880"},
    {file = "cffi-1.15.0-cp38-cp38-manylinux_2_12_i686.manylinux2010_i686.whl", hash = "sha256:0808014eb713677ec1292301ea4c81ad277b6cdf2fdd90fd540af98c0b101d20"},
    {file = "cffi-1.15.0-cp38-cp38-manylinux_2_12_x86_64.manylinux2010_x86_64.whl", hash = "sha256:57e9ac9ccc3101fac9d6014fba037473e4358ef4e89f8e181f8951a2c0162024"},
    {file = "cffi-1.15.0-cp38-cp38-manylinux_2_17_aarch64.manylinux2014_aarch64.whl", hash = "sha256:8b6c2ea03845c9f501ed1313e78de148cd3f6cad741a75d43a29b43da27f2e1e"},
    {file = "cffi-1.15.0-cp38-cp38-manylinux_2_17_ppc64le.manylinux2014_ppc64le.whl", hash = "sha256:10dffb601ccfb65262a27233ac273d552ddc4d8ae1bf93b21c94b8511bffe728"},
    {file = "cffi-1.15.0-cp38-cp38-manylinux_2_17_s390x.manylinux2014_s390x.whl", hash = "sha256:786902fb9ba7433aae840e0ed609f45c7bcd4e225ebb9c753aa39725bb3e6ad6"},
    {file = "cffi-1.15.0-cp38-cp38-win32.whl", hash = "sha256:da5db4e883f1ce37f55c667e5c0de439df76ac4cb55964655906306918e7363c"},
    {file = "cffi-1.15.0-cp38-cp38-win_amd64.whl", hash = "sha256:181dee03b1170ff1969489acf1c26533710231c58f95534e3edac87fff06c443"},
    {file = "cffi-1.15.0-cp39-cp39-macosx_10_9_x86_64.whl", hash = "sha256:45e8636704eacc432a206ac7345a5d3d2c62d95a507ec70d62f23cd91770482a"},
    {file = "cffi-1.15.0-cp39-cp39-macosx_11_0_arm64.whl", hash = "sha256:31fb708d9d7c3f49a60f04cf5b119aeefe5644daba1cd2a0fe389b674fd1de37"},
    {file = "cffi-1.15.0-cp39-cp39-manylinux_2_12_i686.manylinux2010_i686.whl", hash = "sha256:6dc2737a3674b3e344847c8686cf29e500584ccad76204efea14f451d4cc669a"},
    {file = "cffi-1.15.0-cp39-cp39-manylinux_2_12_x86_64.manylinux2010_x86_64.whl", hash = "sha256:74fdfdbfdc48d3f47148976f49fab3251e550a8720bebc99bf1483f5bfb5db3e"},
    {file = "cffi-1.15.0-cp39-cp39-manylinux_2_17_aarch64.manylinux2014_aarch64.whl", hash = "sha256:ffaa5c925128e29efbde7301d8ecaf35c8c60ffbcd6a1ffd3a552177c8e5e796"},
    {file = "cffi-1.15.0-cp39-cp39-manylinux_2_17_ppc64le.manylinux2014_ppc64le.whl", hash = "sha256:3f7d084648d77af029acb79a0ff49a0ad7e9d09057a9bf46596dac9514dc07df"},
    {file = "cffi-1.15.0-cp39-cp39-manylinux_2_17_s390x.manylinux2014_s390x.whl", hash = "sha256:ef1f279350da2c586a69d32fc8733092fd32cc8ac95139a00377841f59a3f8d8"},
    {file = "cffi-1.15.0-cp39-cp39-win32.whl", hash = "sha256:2a23af14f408d53d5e6cd4e3d9a24ff9e05906ad574822a10563efcef137979a"},
    {file = "cffi-1.15.0-cp39-cp39-win_amd64.whl", hash = "sha256:3773c4d81e6e818df2efbc7dd77325ca0dcb688116050fb2b3011218eda36139"},
    {file = "cffi-1.15.0.tar.gz", hash = "sha256:920f0d66a896c2d99f0adbb391f990a84091179542c205fa53ce5787aff87954"},
]
charset-normalizer = [
    {file = "charset-normalizer-2.0.12.tar.gz", hash = "sha256:2857e29ff0d34db842cd7ca3230549d1a697f96ee6d3fb071cfa6c7393832597"},
    {file = "charset_normalizer-2.0.12-py3-none-any.whl", hash = "sha256:6881edbebdb17b39b4eaaa821b438bf6eddffb4468cf344f09f89def34a8b1df"},
]
coincurve = [
    {file = "coincurve-17.0.0-cp310-cp310-macosx_10_9_x86_64.whl", hash = "sha256:ac8c87d6fd080faa74e7ecf64a6ed20c11a254863238759eb02c3f13ad12b0c4"},
    {file = "coincurve-17.0.0-cp310-cp310-macosx_11_0_arm64.whl", hash = "sha256:25dfa105beba24c8de886f8ed654bb1133866e4e22cfd7ea5ad8438cae6ed924"},
    {file = "coincurve-17.0.0-cp310-cp310-manylinux_2_17_aarch64.manylinux2014_aarch64.whl", hash = "sha256:698efdd53e4fe1bbebaee9b75cbc851be617974c1c60098e9145cb7198ae97fb"},
    {file = "coincurve-17.0.0-cp310-cp310-manylinux_2_17_x86_64.manylinux2014_x86_64.whl", hash = "sha256:30dd44d1039f1d237aaa2da6d14a455ca88df3bcb00610b41f3253fdca1be97b"},
    {file = "coincurve-17.0.0-cp310-cp310-manylinux_2_5_i686.manylinux1_i686.manylinux_2_17_i686.manylinux2014_i686.whl", hash = "sha256:d154e2eb5711db8c5ef52fcd80935b5a0e751c057bc6ffb215a7bb409aedef03"},
    {file = "coincurve-17.0.0-cp310-cp310-musllinux_1_1_aarch64.whl", hash = "sha256:c71caffb97dd3d0c243beb62352669b1e5dafa3a4bccdbb27d36bd82f5e65d20"},
    {file = "coincurve-17.0.0-cp310-cp310-musllinux_1_1_i686.whl", hash = "sha256:747215254e51dd4dfbe6dded9235491263da5d88fe372d66541ca16b51ea078f"},
    {file = "coincurve-17.0.0-cp310-cp310-musllinux_1_1_x86_64.whl", hash = "sha256:ad2f6df39ba1e2b7b14bb984505ffa7d0a0ecdd697e8d7dbd19e04bc245c87ed"},
    {file = "coincurve-17.0.0-cp37-cp37m-macosx_10_9_x86_64.whl", hash = "sha256:0503326963916c85b61d16f611ea0545f03c9e418fa8007c233c815429e381e8"},
    {file = "coincurve-17.0.0-cp37-cp37m-manylinux_2_17_aarch64.manylinux2014_aarch64.whl", hash = "sha256:1013c1597b65684ae1c3e42497f9ef5a04527fa6136a84a16b34602606428c74"},
    {file = "coincurve-17.0.0-cp37-cp37m-manylinux_2_17_x86_64.manylinux2014_x86_64.whl", hash = "sha256:e4beef321fd6434448aab03a0c245f31c4e77f43b54b82108c0948d29852ac7e"},
    {file = "coincurve-17.0.0-cp37-cp37m-manylinux_2_5_i686.manylinux1_i686.manylinux_2_17_i686.manylinux2014_i686.whl", hash = "sha256:f47806527d3184da3e8b146fac92a8ed567bbd225194f4517943d8cdc85f9542"},
    {file = "coincurve-17.0.0-cp37-cp37m-musllinux_1_1_aarch64.whl", hash = "sha256:51e56373ac79f4ec1cfc5da53d72c55f5e5ac28d848b0849ef5e687ace857888"},
    {file = "coincurve-17.0.0-cp37-cp37m-musllinux_1_1_i686.whl", hash = "sha256:3d694ad194bee9e8792e2e75879dc5238d8a184010cde36c5ad518fcfe2cd8f2"},
    {file = "coincurve-17.0.0-cp37-cp37m-musllinux_1_1_x86_64.whl", hash = "sha256:74cedb3d3a1dc5abe0c9c2396e1b82cc64496babc5b42e007e72e185cb1edad8"},
    {file = "coincurve-17.0.0-cp38-cp38-macosx_10_9_x86_64.whl", hash = "sha256:db874c5c1dcb1f3a19379773b5e8cffc777625a7a7a60dd9a67206e31e62e2e9"},
    {file = "coincurve-17.0.0-cp38-cp38-macosx_11_0_arm64.whl", hash = "sha256:896b01941254f0a218cf331a9bddfe2d43892f7f1ba10d6e372e2eb744a744c2"},
    {file = "coincurve-17.0.0-cp38-cp38-manylinux_2_17_aarch64.manylinux2014_aarch64.whl", hash = "sha256:6aec70238dbe7a5d66b5f9438ff45b08eb5e0990d49c32ebb65247c5d5b89d7a"},
    {file = "coincurve-17.0.0-cp38-cp38-manylinux_2_17_x86_64.manylinux2014_x86_64.whl", hash = "sha256:d24284d17162569df917a640f19d9654ba3b43cf560ced8864f270da903f73a5"},
    {file = "coincurve-17.0.0-cp38-cp38-manylinux_2_5_i686.manylinux1_i686.manylinux_2_17_i686.manylinux2014_i686.whl", hash = "sha256:4ea057f777842396d387103c606babeb3a1b4c6126769cc0a12044312fc6c465"},
    {file = "coincurve-17.0.0-cp38-cp38-musllinux_1_1_aarch64.whl", hash = "sha256:b88642edf7f281649b0c0b6ffade051945ccceae4b885e40445634877d0b3049"},
    {file = "coincurve-17.0.0-cp38-cp38-musllinux_1_1_i686.whl", hash = "sha256:a80a207131813b038351c5bdae8f20f5f774bbf53622081f208d040dd2b7528f"},
    {file = "coincurve-17.0.0-cp38-cp38-musllinux_1_1_x86_64.whl", hash = "sha256:f1ef72574aa423bc33665ef4be859164a478bad24d48442da874ef3dc39a474d"},
    {file = "coincurve-17.0.0-cp39-cp39-macosx_10_9_x86_64.whl", hash = "sha256:dfd4fab857bcd975edc39111cb5f5c104f138dac2e9ace35ea8434d37bcea3be"},
    {file = "coincurve-17.0.0-cp39-cp39-macosx_11_0_arm64.whl", hash = "sha256:73f39579dd651a9fc29da5a8fc0d8153d872bcbc166f876457baced1a1c01501"},
    {file = "coincurve-17.0.0-cp39-cp39-manylinux_2_17_aarch64.manylinux2014_aarch64.whl", hash = "sha256:8852dc01af4f0fe941ffd04069f7e4fecdce9b867a016f823a02286a1a1f07b5"},
    {file = "coincurve-17.0.0-cp39-cp39-manylinux_2_17_x86_64.manylinux2014_x86_64.whl", hash = "sha256:b1bef812da1da202cdd601a256825abcf26d86e8634fac3ec3e615e3bb3ff08c"},
    {file = "coincurve-17.0.0-cp39-cp39-manylinux_2_5_i686.manylinux1_i686.manylinux_2_17_i686.manylinux2014_i686.whl", hash = "sha256:abbefc9ccb170cb255a31df32457c2e43084b9f37589d0694dacc2dea6ddaf7c"},
    {file = "coincurve-17.0.0-cp39-cp39-musllinux_1_1_aarch64.whl", hash = "sha256:abbd9d017a7638dc38a3b9bb4851f8801b7818d4e5ac22e0c75e373b3c1dbff0"},
    {file = "coincurve-17.0.0-cp39-cp39-musllinux_1_1_i686.whl", hash = "sha256:e2c2e8a1f0b1f8e48049c891af4ae3cad65d115d358bde72f6b8abdbb8a23170"},
    {file = "coincurve-17.0.0-cp39-cp39-musllinux_1_1_x86_64.whl", hash = "sha256:8c571445b166c714af4f8155e38a894376c16c0431e88963f2fff474a9985d87"},
    {file = "coincurve-17.0.0-py3-none-win32.whl", hash = "sha256:b956b0b2c85e25a7d00099970ff5d8338254b45e46f0a940f4a2379438ce0dde"},
    {file = "coincurve-17.0.0-py3-none-win_amd64.whl", hash = "sha256:630388080da3026e0b0176cc6762eaabecba857ee3fc85767577dea063ea7c6e"},
    {file = "coincurve-17.0.0.tar.gz", hash = "sha256:68da55aff898702952fda3ee04fd6ed60bb6b91f919c69270786ed766b548b93"},
]
ecdsa = [
    {file = "ecdsa-0.17.0-py2.py3-none-any.whl", hash = "sha256:5cf31d5b33743abe0dfc28999036c849a69d548f994b535e527ee3cb7f3ef676"},
    {file = "ecdsa-0.17.0.tar.gz", hash = "sha256:b9f500bb439e4153d0330610f5d26baaf18d17b8ced1bc54410d189385ea68aa"},
]
hdwallet = [
    {file = "hdwallet-2.1.1-py3-none-any.whl", hash = "sha256:3e428498b2eea35fbcf9de2582883b1110c894ef827475ce74c74a96e8d34c79"},
    {file = "hdwallet-2.1.1.tar.gz", hash = "sha256:2d64955f1cdd3453604172a1ded60ce42a919d81b0bf172c192e008877256b8c"},
]
idna = [
    {file = "idna-3.3-py3-none-any.whl", hash = "sha256:84d9dd047ffa80596e0f246e2eab0b391788b0503584e8945f2368256d2735ff"},
    {file = "idna-3.3.tar.gz", hash = "sha256:9d643ff0a55b762d5cdb124b8eaa99c66322e2157b69160bc32796e824360e6d"},
]
mnemonic = [
    {file = "mnemonic-0.20-py3-none-any.whl", hash = "sha256:acd2168872d0379e7a10873bb3e12bf6c91b35de758135c4fbd1015ef18fafc5"},
    {file = "mnemonic-0.20.tar.gz", hash = "sha256:7c6fb5639d779388027a77944680aee4870f0fcd09b1e42a5525ee2ce4c625f6"},
]
pycparser = [
    {file = "pycparser-2.21-py2.py3-none-any.whl", hash = "sha256:8ee45429555515e1f6b185e78100aea234072576aa43ab53aefcae078162fca9"},
    {file = "pycparser-2.21.tar.gz", hash = "sha256:e644fdec12f7872f86c58ff790da456218b10f863970249516d60a5eaca77206"},
]
pysha3 = [
    {file = "pysha3-1.0.2-cp27-cp27m-manylinux1_i686.whl", hash = "sha256:6e6a84efb7856f5d760ee55cd2b446972cb7b835676065f6c4f694913ea8f8d9"},
    {file = "pysha3-1.0.2-cp27-cp27m-manylinux1_x86_64.whl", hash = "sha256:f9046d59b3e72aa84f6dae83a040bd1184ebd7fef4e822d38186a8158c89e3cf"},
    {file = "pysha3-1.0.2-cp27-cp27m-win32.whl", hash = "sha256:9fdd28884c5d0b4edfed269b12badfa07f1c89dbc5c9c66dd279833894a9896b"},
    {file = "pysha3-1.0.2-cp27-cp27m-win_amd64.whl", hash = "sha256:41be70b06c8775a9e4d4eeb52f2f6a3f356f17539a54eac61f43a29e42fd453d"},
    {file = "pysha3-1.0.2-cp27-cp27mu-manylinux1_i686.whl", hash = "sha256:68c3a60a39f9179b263d29e221c1bd6e01353178b14323c39cc70593c30f21c5"},
    {file = "pysha3-1.0.2-cp27-cp27mu-manylinux1_x86_64.whl", hash = "sha256:59111c08b8f34495575d12e5f2ce3bafb98bea470bc81e70c8b6df99aef0dd2f"},
    {file = "pysha3-1.0.2-cp33-cp33m-win32.whl", hash = "sha256:571a246308a7b63f15f5aa9651f99cf30f2a6acba18eddf28f1510935968b603"},
    {file = "pysha3-1.0.2-cp33-cp33m-win_amd64.whl", hash = "sha256:93abd775dac570cb9951c4e423bcb2bc6303a9d1dc0dc2b7afa2dd401d195b24"},
    {file = "pysha3-1.0.2-cp34-cp34m-manylinux1_i686.whl", hash = "sha256:11a2ba7a2e1d9669d0052fc8fb30f5661caed5512586ecbeeaf6bf9478ab5c48"},
    {file = "pysha3-1.0.2-cp34-cp34m-manylinux1_x86_64.whl", hash = "sha256:5ec8da7c5c70a53b5fa99094af3ba8d343955b212bc346a0d25f6ff75853999f"},
    {file = "pysha3-1.0.2-cp34-cp34m-win32.whl", hash = "sha256:9c778fa8b161dc9348dc5cc361e94d54aa5ff18413788f4641f6600d4893a608"},
    {file = "pysha3-1.0.2-cp34-cp34m-win_amd64.whl", hash = "sha256:fd7e66999060d079e9c0e8893e78d8017dad4f59721f6fe0be6307cd32127a07"},
    {file = "pysha3-1.0.2-cp35-cp35m-manylinux1_i686.whl", hash = "sha256:827b308dc025efe9b6b7bae36c2e09ed0118a81f792d888548188e97b9bf9a3d"},
    {file = "pysha3-1.0.2-cp35-cp35m-manylinux1_x86_64.whl", hash = "sha256:4416f16b0f1605c25f627966f76873e432971824778b369bd9ce1bb63d6566d9"},
    {file = "pysha3-1.0.2-cp35-cp35m-win32.whl", hash = "sha256:c93a2676e6588abcfaecb73eb14485c81c63b94fca2000a811a7b4fb5937b8e8"},
    {file = "pysha3-1.0.2-cp35-cp35m-win_amd64.whl", hash = "sha256:684cb01d87ed6ff466c135f1c83e7e4042d0fc668fa20619f581e6add1d38d77"},
    {file = "pysha3-1.0.2-cp36-cp36m-manylinux1_i686.whl", hash = "sha256:386998ee83e313b6911327174e088021f9f2061cbfa1651b97629b761e9ef5c4"},
    {file = "pysha3-1.0.2-cp36-cp36m-manylinux1_x86_64.whl", hash = "sha256:c7c2adcc43836223680ebdf91f1d3373543dc32747c182c8ca2e02d1b69ce030"},
    {file = "pysha3-1.0.2-cp36-cp36m-win32.whl", hash = "sha256:cd5c961b603bd2e6c2b5ef9976f3238a561c58569945d4165efb9b9383b050ef"},
    {file = "pysha3-1.0.2-cp36-cp36m-win_amd64.whl", hash = "sha256:0060a66be16665d90c432f55a0ba1f6480590cfb7d2ad389e688a399183474f0"},
    {file = "pysha3-1.0.2.tar.gz", hash = "sha256:fe988e73f2ce6d947220624f04d467faf05f1bbdbc64b0a201296bb3af92739e"},
]
requests = [
    {file = "requests-2.27.1-py2.py3-none-any.whl", hash = "sha256:f22fa1e554c9ddfd16e6e41ac79759e17be9e492b3587efa038054674760e72d"},
    {file = "requests-2.27.1.tar.gz", hash = "sha256:68d7c56fd5a8999887728ef304a6d12edc7be74f1cfa47714fc8b414525c9a61"},
]
six = [
    {file = "six-1.16.0-py2.py3-none-any.whl", hash = "sha256:8abb2f1d86890a2dfb989f9a77cfcfd3e47c2a354b01111771326f8aa26e0254"},
    {file = "six-1.16.0.tar.gz", hash = "sha256:1e61c37477a1626458e36f7b1d82aa5c9b094fa4802892072e49de9c60c4c926"},
]
urllib3 = [
    {file = "urllib3-1.26.8-py2.py3-none-any.whl", hash = "sha256:000ca7f471a233c2251c6c7023ee85305721bfdf18621ebff4fd17a8653427ed"},
    {file = "urllib3-1.26.8.tar.gz", hash = "sha256:0e7c33d9a63e7ddfcb86780aac87befc2fbddf46c58dbb487e0855f7ceec283c"},
]
